// !$*UTF8*$!
{
	archiveVersion = 1;
	classes = {
	};
	objectVersion = 50;
	objects = {

/* Begin PBXBuildFile section */
		1654228E21029CBB00C4B0BD /* AppDelegate.swift in Sources */ = {isa = PBXBuildFile; fileRef = 1654228D21029CBB00C4B0BD /* AppDelegate.swift */; };
		1654229021029CBB00C4B0BD /* ViewController.swift in Sources */ = {isa = PBXBuildFile; fileRef = 1654228F21029CBB00C4B0BD /* ViewController.swift */; };
		1654229321029CBB00C4B0BD /* Main.storyboard in Resources */ = {isa = PBXBuildFile; fileRef = 1654229121029CBB00C4B0BD /* Main.storyboard */; };
		1654229521029CBE00C4B0BD /* Assets.xcassets in Resources */ = {isa = PBXBuildFile; fileRef = 1654229421029CBE00C4B0BD /* Assets.xcassets */; };
		1654229821029CBE00C4B0BD /* LaunchScreen.storyboard in Resources */ = {isa = PBXBuildFile; fileRef = 1654229621029CBE00C4B0BD /* LaunchScreen.storyboard */; };
		165422B821029DDD00C4B0BD /* FlowController.swift in Sources */ = {isa = PBXBuildFile; fileRef = 165422AB21029DDC00C4B0BD /* FlowController.swift */; };
		165422B921029DDD00C4B0BD /* BluetoothConnectionHandler.swift in Sources */ = {isa = PBXBuildFile; fileRef = 165422AC21029DDC00C4B0BD /* BluetoothConnectionHandler.swift */; };
		165422BA21029DDD00C4B0BD /* BluetoothEventsHandler.swift in Sources */ = {isa = PBXBuildFile; fileRef = 165422AD21029DDC00C4B0BD /* BluetoothEventsHandler.swift */; };
		165422BC21029DDD00C4B0BD /* BluetoothCommands.swift in Sources */ = {isa = PBXBuildFile; fileRef = 165422AF21029DDC00C4B0BD /* BluetoothCommands.swift */; };
		165422BD21029DDD00C4B0BD /* PairingFlow.swift in Sources */ = {isa = PBXBuildFile; fileRef = 165422B121029DDC00C4B0BD /* PairingFlow.swift */; };
		165422BF21029E6100C4B0BD /* Response.swift in Sources */ = {isa = PBXBuildFile; fileRef = 165422BE21029E6100C4B0BD /* Response.swift */; };
		165422C52102A47500C4B0BD /* BluetoothService.swift in Sources */ = {isa = PBXBuildFile; fileRef = 165422C42102A47500C4B0BD /* BluetoothService.swift */; };
/* End PBXBuildFile section */

/* Begin PBXFileReference section */
		1654228A21029CBB00C4B0BD /* BluetoothDemo.app */ = {isa = PBXFileReference; explicitFileType = wrapper.application; includeInIndex = 0; path = BluetoothDemo.app; sourceTree = BUILT_PRODUCTS_DIR; };
		1654228D21029CBB00C4B0BD /* AppDelegate.swift */ = {isa = PBXFileReference; lastKnownFileType = sourcecode.swift; path = AppDelegate.swift; sourceTree = "<group>"; };
		1654228F21029CBB00C4B0BD /* ViewController.swift */ = {isa = PBXFileReference; lastKnownFileType = sourcecode.swift; path = ViewController.swift; sourceTree = "<group>"; };
		1654229221029CBB00C4B0BD /* Base */ = {isa = PBXFileReference; lastKnownFileType = file.storyboard; name = Base; path = Base.lproj/Main.storyboard; sourceTree = "<group>"; };
		1654229421029CBE00C4B0BD /* Assets.xcassets */ = {isa = PBXFileReference; lastKnownFileType = folder.assetcatalog; path = Assets.xcassets; sourceTree = "<group>"; };
		1654229721029CBE00C4B0BD /* Base */ = {isa = PBXFileReference; lastKnownFileType = file.storyboard; name = Base; path = Base.lproj/LaunchScreen.storyboard; sourceTree = "<group>"; };
		1654229921029CBE00C4B0BD /* Info.plist */ = {isa = PBXFileReference; lastKnownFileType = text.plist.xml; path = Info.plist; sourceTree = "<group>"; };
		165422AB21029DDC00C4B0BD /* FlowController.swift */ = {isa = PBXFileReference; fileEncoding = 4; lastKnownFileType = sourcecode.swift; path = FlowController.swift; sourceTree = "<group>"; };
		165422AC21029DDC00C4B0BD /* BluetoothConnectionHandler.swift */ = {isa = PBXFileReference; fileEncoding = 4; lastKnownFileType = sourcecode.swift; path = BluetoothConnectionHandler.swift; sourceTree = "<group>"; };
		165422AD21029DDC00C4B0BD /* BluetoothEventsHandler.swift */ = {isa = PBXFileReference; fileEncoding = 4; lastKnownFileType = sourcecode.swift; path = BluetoothEventsHandler.swift; sourceTree = "<group>"; };
		165422AF21029DDC00C4B0BD /* BluetoothCommands.swift */ = {isa = PBXFileReference; fileEncoding = 4; lastKnownFileType = sourcecode.swift; path = BluetoothCommands.swift; sourceTree = "<group>"; };
		165422B121029DDC00C4B0BD /* PairingFlow.swift */ = {isa = PBXFileReference; fileEncoding = 4; lastKnownFileType = sourcecode.swift; path = PairingFlow.swift; sourceTree = "<group>"; };
		165422BE21029E6100C4B0BD /* Response.swift */ = {isa = PBXFileReference; lastKnownFileType = sourcecode.swift; path = Response.swift; sourceTree = "<group>"; };
		165422C42102A47500C4B0BD /* BluetoothService.swift */ = {isa = PBXFileReference; lastKnownFileType = sourcecode.swift; path = BluetoothService.swift; sourceTree = "<group>"; };
/* End PBXFileReference section */

/* Begin PBXFrameworksBuildPhase section */
		1654228721029CBB00C4B0BD /* Frameworks */ = {
			isa = PBXFrameworksBuildPhase;
			buildActionMask = 2147483647;
			files = (
			);
			runOnlyForDeploymentPostprocessing = 0;
		};
/* End PBXFrameworksBuildPhase section */

/* Begin PBXGroup section */
		1654228121029CBB00C4B0BD = {
			isa = PBXGroup;
			children = (
				1654228C21029CBB00C4B0BD /* BluetoothDemo */,
				1654228B21029CBB00C4B0BD /* Products */,
			);
			sourceTree = "<group>";
		};
		1654228B21029CBB00C4B0BD /* Products */ = {
			isa = PBXGroup;
			children = (
				1654228A21029CBB00C4B0BD /* BluetoothDemo.app */,
			);
			name = Products;
			sourceTree = "<group>";
		};
		1654228C21029CBB00C4B0BD /* BluetoothDemo */ = {
			isa = PBXGroup;
			children = (
				165422A221029DDC00C4B0BD /* Bluetooth */,
				1654228D21029CBB00C4B0BD /* AppDelegate.swift */,
				1654228F21029CBB00C4B0BD /* ViewController.swift */,
				1654229121029CBB00C4B0BD /* Main.storyboard */,
				1654229621029CBE00C4B0BD /* LaunchScreen.storyboard */,
				1654229421029CBE00C4B0BD /* Assets.xcassets */,
				1654229921029CBE00C4B0BD /* Info.plist */,
			);
			path = BluetoothDemo;
			sourceTree = "<group>";
		};
		165422A221029DDC00C4B0BD /* Bluetooth */ = {
			isa = PBXGroup;
			children = (
				165422AA21029DDC00C4B0BD /* Communication */,
				165422B021029DDC00C4B0BD /* Flows */,
			);
			path = Bluetooth;
			sourceTree = "<group>";
		};
		165422AA21029DDC00C4B0BD /* Communication */ = {
			isa = PBXGroup;
			children = (
				165422C42102A47500C4B0BD /* BluetoothService.swift */,
				165422AC21029DDC00C4B0BD /* BluetoothConnectionHandler.swift */,
				165422AD21029DDC00C4B0BD /* BluetoothEventsHandler.swift */,
				165422AF21029DDC00C4B0BD /* BluetoothCommands.swift */,
				165422BE21029E6100C4B0BD /* Response.swift */,
			);
			path = Communication;
			sourceTree = "<group>";
		};
		165422B021029DDC00C4B0BD /* Flows */ = {
			isa = PBXGroup;
			children = (
				165422AB21029DDC00C4B0BD /* FlowController.swift */,
				165422B121029DDC00C4B0BD /* PairingFlow.swift */,
			);
			path = Flows;
			sourceTree = "<group>";
		};
/* End PBXGroup section */

/* Begin PBXNativeTarget section */
		1654228921029CBB00C4B0BD /* BluetoothDemo */ = {
			isa = PBXNativeTarget;
			buildConfigurationList = 1654229C21029CBE00C4B0BD /* Build configuration list for PBXNativeTarget "BluetoothDemo" */;
			buildPhases = (
				1654228621029CBB00C4B0BD /* Sources */,
				1654228721029CBB00C4B0BD /* Frameworks */,
				1654228821029CBB00C4B0BD /* Resources */,
			);
			buildRules = (
			);
			dependencies = (
			);
			name = BluetoothDemo;
			productName = BluetoothDemo;
			productReference = 1654228A21029CBB00C4B0BD /* BluetoothDemo.app */;
			productType = "com.apple.product-type.application";
		};
/* End PBXNativeTarget section */

/* Begin PBXProject section */
		1654228221029CBB00C4B0BD /* Project object */ = {
			isa = PBXProject;
			attributes = {
				LastSwiftUpdateCheck = 0940;
				LastUpgradeCheck = 0940;
				ORGANIZATIONNAME = "Wojciech Kulik";
				TargetAttributes = {
					1654228921029CBB00C4B0BD = {
						CreatedOnToolsVersion = 9.4.1;
					};
				};
			};
			buildConfigurationList = 1654228521029CBB00C4B0BD /* Build configuration list for PBXProject "BluetoothDemo" */;
			compatibilityVersion = "Xcode 9.3";
			developmentRegion = en;
			hasScannedForEncodings = 0;
			knownRegions = (
				en,
				Base,
			);
			mainGroup = 1654228121029CBB00C4B0BD;
			productRefGroup = 1654228B21029CBB00C4B0BD /* Products */;
			projectDirPath = "";
			projectRoot = "";
			targets = (
				1654228921029CBB00C4B0BD /* BluetoothDemo */,
			);
		};
/* End PBXProject section */

/* Begin PBXResourcesBuildPhase section */
		1654228821029CBB00C4B0BD /* Resources */ = {
			isa = PBXResourcesBuildPhase;
			buildActionMask = 2147483647;
			files = (
				1654229821029CBE00C4B0BD /* LaunchScreen.storyboard in Resources */,
				1654229521029CBE00C4B0BD /* Assets.xcassets in Resources */,
				1654229321029CBB00C4B0BD /* Main.storyboard in Resources */,
			);
			runOnlyForDeploymentPostprocessing = 0;
		};
/* End PBXResourcesBuildPhase section */

/* Begin PBXSourcesBuildPhase section */
		1654228621029CBB00C4B0BD /* Sources */ = {
			isa = PBXSourcesBuildPhase;
			buildActionMask = 2147483647;
			files = (
				165422C52102A47500C4B0BD /* BluetoothService.swift in Sources */,
				165422BA21029DDD00C4B0BD /* BluetoothEventsHandler.swift in Sources */,
				165422BC21029DDD00C4B0BD /* BluetoothCommands.swift in Sources */,
				1654229021029CBB00C4B0BD /* ViewController.swift in Sources */,
				165422BF21029E6100C4B0BD /* Response.swift in Sources */,
				165422B821029DDD00C4B0BD /* FlowController.swift in Sources */,
				165422B921029DDD00C4B0BD /* BluetoothConnectionHandler.swift in Sources */,
				165422BD21029DDD00C4B0BD /* PairingFlow.swift in Sources */,
				1654228E21029CBB00C4B0BD /* AppDelegate.swift in Sources */,
			);
			runOnlyForDeploymentPostprocessing = 0;
		};
/* End PBXSourcesBuildPhase section */

/* Begin PBXVariantGroup section */
		1654229121029CBB00C4B0BD /* Main.storyboard */ = {
			isa = PBXVariantGroup;
			children = (
				1654229221029CBB00C4B0BD /* Base */,
			);
			name = Main.storyboard;
			sourceTree = "<group>";
		};
		1654229621029CBE00C4B0BD /* LaunchScreen.storyboard */ = {
			isa = PBXVariantGroup;
			children = (
				1654229721029CBE00C4B0BD /* Base */,
			);
			name = LaunchScreen.storyboard;
			sourceTree = "<group>";
		};
/* End PBXVariantGroup section */

/* Begin XCBuildConfiguration section */
		1654229A21029CBE00C4B0BD /* Debug */ = {
			isa = XCBuildConfiguration;
			buildSettings = {
				ALWAYS_SEARCH_USER_PATHS = NO;
				CLANG_ANALYZER_NONNULL = YES;
				CLANG_ANALYZER_NUMBER_OBJECT_CONVERSION = YES_AGGRESSIVE;
				CLANG_CXX_LANGUAGE_STANDARD = "gnu++14";
				CLANG_CXX_LIBRARY = "libc++";
				CLANG_ENABLE_MODULES = YES;
				CLANG_ENABLE_OBJC_ARC = YES;
				CLANG_ENABLE_OBJC_WEAK = YES;
				CLANG_WARN_BLOCK_CAPTURE_AUTORELEASING = YES;
				CLANG_WARN_BOOL_CONVERSION = YES;
				CLANG_WARN_COMMA = YES;
				CLANG_WARN_CONSTANT_CONVERSION = YES;
				CLANG_WARN_DEPRECATED_OBJC_IMPLEMENTATIONS = YES;
				CLANG_WARN_DIRECT_OBJC_ISA_USAGE = YES_ERROR;
				CLANG_WARN_DOCUMENTATION_COMMENTS = YES;
				CLANG_WARN_EMPTY_BODY = YES;
				CLANG_WARN_ENUM_CONVERSION = YES;
				CLANG_WARN_INFINITE_RECURSION = YES;
				CLANG_WARN_INT_CONVERSION = YES;
				CLANG_WARN_NON_LITERAL_NULL_CONVERSION = YES;
				CLANG_WARN_OBJC_IMPLICIT_RETAIN_SELF = YES;
				CLANG_WARN_OBJC_LITERAL_CONVERSION = YES;
				CLANG_WARN_OBJC_ROOT_CLASS = YES_ERROR;
				CLANG_WARN_RANGE_LOOP_ANALYSIS = YES;
				CLANG_WARN_STRICT_PROTOTYPES = YES;
				CLANG_WARN_SUSPICIOUS_MOVE = YES;
				CLANG_WARN_UNGUARDED_AVAILABILITY = YES_AGGRESSIVE;
				CLANG_WARN_UNREACHABLE_CODE = YES;
				CLANG_WARN__DUPLICATE_METHOD_MATCH = YES;
				CODE_SIGN_IDENTITY = "iPhone Developer";
				COPY_PHASE_STRIP = NO;
				DEBUG_INFORMATION_FORMAT = dwarf;
				ENABLE_STRICT_OBJC_MSGSEND = YES;
				ENABLE_TESTABILITY = YES;
				GCC_C_LANGUAGE_STANDARD = gnu11;
				GCC_DYNAMIC_NO_PIC = NO;
				GCC_NO_COMMON_BLOCKS = YES;
				GCC_OPTIMIZATION_LEVEL = 0;
				GCC_PREPROCESSOR_DEFINITIONS = (
					"DEBUG=1",
					"$(inherited)",
				);
				GCC_WARN_64_TO_32_BIT_CONVERSION = YES;
				GCC_WARN_ABOUT_RETURN_TYPE = YES_ERROR;
				GCC_WARN_UNDECLARED_SELECTOR = YES;
				GCC_WARN_UNINITIALIZED_AUTOS = YES_AGGRESSIVE;
				GCC_WARN_UNUSED_FUNCTION = YES;
				GCC_WARN_UNUSED_VARIABLE = YES;
				IPHONEOS_DEPLOYMENT_TARGET = 11.4;
				MTL_ENABLE_DEBUG_INFO = YES;
				ONLY_ACTIVE_ARCH = YES;
				SDKROOT = iphoneos;
				SWIFT_ACTIVE_COMPILATION_CONDITIONS = DEBUG;
				SWIFT_OPTIMIZATION_LEVEL = "-Onone";
			};
			name = Debug;
		};
		1654229B21029CBE00C4B0BD /* Release */ = {
			isa = XCBuildConfiguration;
			buildSettings = {
				ALWAYS_SEARCH_USER_PATHS = NO;
				CLANG_ANALYZER_NONNULL = YES;
				CLANG_ANALYZER_NUMBER_OBJECT_CONVERSION = YES_AGGRESSIVE;
				CLANG_CXX_LANGUAGE_STANDARD = "gnu++14";
				CLANG_CXX_LIBRARY = "libc++";
				CLANG_ENABLE_MODULES = YES;
				CLANG_ENABLE_OBJC_ARC = YES;
				CLANG_ENABLE_OBJC_WEAK = YES;
				CLANG_WARN_BLOCK_CAPTURE_AUTORELEASING = YES;
				CLANG_WARN_BOOL_CONVERSION = YES;
				CLANG_WARN_COMMA = YES;
				CLANG_WARN_CONSTANT_CONVERSION = YES;
				CLANG_WARN_DEPRECATED_OBJC_IMPLEMENTATIONS = YES;
				CLANG_WARN_DIRECT_OBJC_ISA_USAGE = YES_ERROR;
				CLANG_WARN_DOCUMENTATION_COMMENTS = YES;
				CLANG_WARN_EMPTY_BODY = YES;
				CLANG_WARN_ENUM_CONVERSION = YES;
				CLANG_WARN_INFINITE_RECURSION = YES;
				CLANG_WARN_INT_CONVERSION = YES;
				CLANG_WARN_NON_LITERAL_NULL_CONVERSION = YES;
				CLANG_WARN_OBJC_IMPLICIT_RETAIN_SELF = YES;
				CLANG_WARN_OBJC_LITERAL_CONVERSION = YES;
				CLANG_WARN_OBJC_ROOT_CLASS = YES_ERROR;
				CLANG_WARN_RANGE_LOOP_ANALYSIS = YES;
				CLANG_WARN_STRICT_PROTOTYPES = YES;
				CLANG_WARN_SUSPICIOUS_MOVE = YES;
				CLANG_WARN_UNGUARDED_AVAILABILITY = YES_AGGRESSIVE;
				CLANG_WARN_UNREACHABLE_CODE = YES;
				CLANG_WARN__DUPLICATE_METHOD_MATCH = YES;
				CODE_SIGN_IDENTITY = "iPhone Developer";
				COPY_PHASE_STRIP = NO;
				DEBUG_INFORMATION_FORMAT = "dwarf-with-dsym";
				ENABLE_NS_ASSERTIONS = NO;
				ENABLE_STRICT_OBJC_MSGSEND = YES;
				GCC_C_LANGUAGE_STANDARD = gnu11;
				GCC_NO_COMMON_BLOCKS = YES;
				GCC_WARN_64_TO_32_BIT_CONVERSION = YES;
				GCC_WARN_ABOUT_RETURN_TYPE = YES_ERROR;
				GCC_WARN_UNDECLARED_SELECTOR = YES;
				GCC_WARN_UNINITIALIZED_AUTOS = YES_AGGRESSIVE;
				GCC_WARN_UNUSED_FUNCTION = YES;
				GCC_WARN_UNUSED_VARIABLE = YES;
				IPHONEOS_DEPLOYMENT_TARGET = 11.4;
				MTL_ENABLE_DEBUG_INFO = NO;
				SDKROOT = iphoneos;
				SWIFT_COMPILATION_MODE = wholemodule;
				SWIFT_OPTIMIZATION_LEVEL = "-O";
				VALIDATE_PRODUCT = YES;
			};
			name = Release;
		};
		1654229D21029CBE00C4B0BD /* Debug */ = {
			isa = XCBuildConfiguration;
			buildSettings = {
				ASSETCATALOG_COMPILER_APPICON_NAME = AppIcon;
				CODE_SIGN_IDENTITY = "iPhone Developer";
				CODE_SIGN_STYLE = Manual;
				DEVELOPMENT_TEAM = "";
				INFOPLIST_FILE = BluetoothDemo/Info.plist;
				LD_RUNPATH_SEARCH_PATHS = (
					"$(inherited)",
					"@executable_path/Frameworks",
				);
				PRODUCT_BUNDLE_IDENTIFIER = pl.wojciechkulik.BluetoothDemo;
				PRODUCT_NAME = "$(TARGET_NAME)";
				PROVISIONING_PROFILE_SPECIFIER = "";
				SWIFT_VERSION = 4.0;
				TARGETED_DEVICE_FAMILY = "1,2";
			};
			name = Debug;
		};
		1654229E21029CBE00C4B0BD /* Release */ = {
			isa = XCBuildConfiguration;
			buildSettings = {
				ASSETCATALOG_COMPILER_APPICON_NAME = AppIcon;
				CODE_SIGN_IDENTITY = "iPhone Developer";
				CODE_SIGN_STYLE = Manual;
				DEVELOPMENT_TEAM = "";
				INFOPLIST_FILE = BluetoothDemo/Info.plist;
				LD_RUNPATH_SEARCH_PATHS = (
					"$(inherited)",
					"@executable_path/Frameworks",
				);
				PRODUCT_BUNDLE_IDENTIFIER = pl.wojciechkulik.BluetoothDemo;
				PRODUCT_NAME = "$(TARGET_NAME)";
				PROVISIONING_PROFILE_SPECIFIER = "";
				SWIFT_VERSION = 4.0;
				TARGETED_DEVICE_FAMILY = "1,2";
			};
			name = Release;
		};
/* End XCBuildConfiguration section */

/* Begin XCConfigurationList section */
		1654228521029CBB00C4B0BD /* Build configuration list for PBXProject "BluetoothDemo" */ = {
			isa = XCConfigurationList;
			buildConfigurations = (
				1654229A21029CBE00C4B0BD /* Debug */,
				1654229B21029CBE00C4B0BD /* Release */,
			);
			defaultConfigurationIsVisible = 0;
			defaultConfigurationName = Release;
		};
		1654229C21029CBE00C4B0BD /* Build configuration list for PBXNativeTarget "BluetoothDemo" */ = {
			isa = XCConfigurationList;
			buildConfigurations = (
				1654229D21029CBE00C4B0BD /* Debug */,
				1654229E21029CBE00C4B0BD /* Release */,
			);
			defaultConfigurationIsVisible = 0;
			defaultConfigurationName = Release;
		};
/* End XCConfigurationList section */
	};
	rootObject = 1654228221029CBB00C4B0BD /* Project object */;
}
